
Microsoft Visual Studio Solution File, Format Version 12.00
# Visual Studio Version 17
VisualStudioVersion = 17.4.33110.190
MinimumVisualStudioVersion = 10.0.40219.1
Project("{FAE04EC0-301F-11D3-BF4B-00C04F79EFBC}") = "OObjetos", "OObjetos\OObjetos.csproj", "{57D28B5B-1A80-4797-864B-BFC06A8CDDE5}"
EndProject
Global
	GlobalSection(SolutionConfigurationPlatforms) = preSolution
		Debug|Any CPU = Debug|Any CPU
		Release|Any CPU = Release|Any CPU
	EndGlobalSection
	GlobalSection(ProjectConfigurationPlatforms) = postSolution
		{57D28B5B-1A80-4797-864B-BFC06A8CDDE5}.Debug|Any CPU.ActiveCfg = Debug|Any CPU
		{57D28B5B-1A80-4797-864B-BFC06A8CDDE5}.Debug|Any CPU.Build.0 = Debug|Any CPU
		{57D28B5B-1A80-4797-864B-BFC06A8CDDE5}.Release|Any CPU.ActiveCfg = Release|Any CPU
		{57D28B5B-1A80-4797-864B-BFC06A8CDDE5}.Release|Any CPU.Build.0 = Release|Any CPU
	EndGlobalSection
	GlobalSection(SolutionProperties) = preSolution
		HideSolutionNode = FALSE
	EndGlobalSection
	GlobalSection(ExtensibilityGlobals) = postSolution
		SolutionGuid = {99F51D16-C645-4D43-AB37-63349C67AF5E}
	EndGlobalSection
EndGlobal
