
Microsoft Visual Studio Solution File, Format Version 12.00
# Visual Studio Version 17
VisualStudioVersion = 17.4.33110.190
MinimumVisualStudioVersion = 10.0.40219.1
Project("{FAE04EC0-301F-11D3-BF4B-00C04F79EFBC}") = "OOModAcesso", "OOModAcesso.csproj", "{76E63069-3B32-4538-B367-158D29A9EE46}"
EndProject
Global
	GlobalSection(SolutionConfigurationPlatforms) = preSolution
		Debug|Any CPU = Debug|Any CPU
		Release|Any CPU = Release|Any CPU
	EndGlobalSection
	GlobalSection(ProjectConfigurationPlatforms) = postSolution
		{76E63069-3B32-4538-B367-158D29A9EE46}.Debug|Any CPU.ActiveCfg = Debug|Any CPU
		{76E63069-3B32-4538-B367-158D29A9EE46}.Debug|Any CPU.Build.0 = Debug|Any CPU
		{76E63069-3B32-4538-B367-158D29A9EE46}.Release|Any CPU.ActiveCfg = Release|Any CPU
		{76E63069-3B32-4538-B367-158D29A9EE46}.Release|Any CPU.Build.0 = Release|Any CPU
	EndGlobalSection
	GlobalSection(SolutionProperties) = preSolution
		HideSolutionNode = FALSE
	EndGlobalSection
	GlobalSection(ExtensibilityGlobals) = postSolution
		SolutionGuid = {4A3008AF-30DC-42A2-B70A-9D98136E5BF7}
	EndGlobalSection
EndGlobal
