
Microsoft Visual Studio Solution File, Format Version 12.00
# Visual Studio Version 17
VisualStudioVersion = 17.4.33110.190
MinimumVisualStudioVersion = 10.0.40219.1
Project("{FAE04EC0-301F-11D3-BF4B-00C04F79EFBC}") = "Balta", "Balta.csproj", "{0B2D9017-ED32-4282-93C3-0DD9C869AB7B}"
EndProject
Global
	GlobalSection(SolutionConfigurationPlatforms) = preSolution
		Debug|Any CPU = Debug|Any CPU
		Release|Any CPU = Release|Any CPU
	EndGlobalSection
	GlobalSection(ProjectConfigurationPlatforms) = postSolution
		{0B2D9017-ED32-4282-93C3-0DD9C869AB7B}.Debug|Any CPU.ActiveCfg = Debug|Any CPU
		{0B2D9017-ED32-4282-93C3-0DD9C869AB7B}.Debug|Any CPU.Build.0 = Debug|Any CPU
		{0B2D9017-ED32-4282-93C3-0DD9C869AB7B}.Release|Any CPU.ActiveCfg = Release|Any CPU
		{0B2D9017-ED32-4282-93C3-0DD9C869AB7B}.Release|Any CPU.Build.0 = Release|Any CPU
	EndGlobalSection
	GlobalSection(SolutionProperties) = preSolution
		HideSolutionNode = FALSE
	EndGlobalSection
	GlobalSection(ExtensibilityGlobals) = postSolution
		SolutionGuid = {7D01AE09-ACDE-4DDD-A134-5CBD309B7F01}
	EndGlobalSection
EndGlobal
